
Microsoft Visual Studio Solution File, Format Version 12.00
# Visual Studio Version 17
VisualStudioVersion = 17.5.002.0
MinimumVisualStudioVersion = 10.0.40219.1
Project("{9A19103F-16F7-4668-BE54-9A1E7A4F7556}") = "ConceitosCSharp", "conceitos-csharp\ConceitosCSharp.csproj", "{985FD649-2458-4A50-8CDB-0DC33F637D2A}"
EndProject
Project("{2150E333-8FDC-42A3-9474-1A3956D46DE8}") = "classes-testes-csharp", "classes-testes-csharp", "{09C54CAE-814F-4962-AA39-8D24F1568E34}"
EndProject
Project("{9A19103F-16F7-4668-BE54-9A1E7A4F7556}") = "Classes", "classes-testes-csharp\Classes\Classes.csproj", "{43D0FC2F-1227-4221-AAF6-3375924A2AEE}"
EndProject
Project("{9A19103F-16F7-4668-BE54-9A1E7A4F7556}") = "Testes", "classes-testes-csharp\Testes\Testes.csproj", "{C1A4FC03-45AB-4F73-A71E-85F6AAE1E64D}"
EndProject
Project("{2150E333-8FDC-42A3-9474-1A3956D46DE8}") = "trabalho1-poo", "trabalho1-poo", "{B905DE52-0133-44D8-97ED-1815B7951E6C}"
EndProject
Project("{9A19103F-16F7-4668-BE54-9A1E7A4F7556}") = "TrabalhoPOOGrupo3", "trabalho1-poo\TrabalhoPOOGrupo3\TrabalhoPOOGrupo3.csproj", "{AC402115-821F-47F2-9B82-F8DF44CE5700}"
EndProject
Project("{9A19103F-16F7-4668-BE54-9A1E7A4F7556}") = "TrabalhoPOOGrupo3Testes", "trabalho1-poo\TrabalhoPOOGrupo3Testes\TrabalhoPOOGrupo3Testes.csproj", "{EE5B91C2-33C6-4C32-B2D9-A5695E9FE921}"
EndProject
Global
	GlobalSection(SolutionConfigurationPlatforms) = preSolution
		Debug|Any CPU = Debug|Any CPU
		Release|Any CPU = Release|Any CPU
	EndGlobalSection
	GlobalSection(ProjectConfigurationPlatforms) = postSolution
		{985FD649-2458-4A50-8CDB-0DC33F637D2A}.Debug|Any CPU.ActiveCfg = Debug|Any CPU
		{985FD649-2458-4A50-8CDB-0DC33F637D2A}.Debug|Any CPU.Build.0 = Debug|Any CPU
		{985FD649-2458-4A50-8CDB-0DC33F637D2A}.Release|Any CPU.ActiveCfg = Release|Any CPU
		{985FD649-2458-4A50-8CDB-0DC33F637D2A}.Release|Any CPU.Build.0 = Release|Any CPU
		{43D0FC2F-1227-4221-AAF6-3375924A2AEE}.Debug|Any CPU.ActiveCfg = Debug|Any CPU
		{43D0FC2F-1227-4221-AAF6-3375924A2AEE}.Debug|Any CPU.Build.0 = Debug|Any CPU
		{43D0FC2F-1227-4221-AAF6-3375924A2AEE}.Release|Any CPU.ActiveCfg = Release|Any CPU
		{43D0FC2F-1227-4221-AAF6-3375924A2AEE}.Release|Any CPU.Build.0 = Release|Any CPU
		{C1A4FC03-45AB-4F73-A71E-85F6AAE1E64D}.Debug|Any CPU.ActiveCfg = Debug|Any CPU
		{C1A4FC03-45AB-4F73-A71E-85F6AAE1E64D}.Debug|Any CPU.Build.0 = Debug|Any CPU
		{C1A4FC03-45AB-4F73-A71E-85F6AAE1E64D}.Release|Any CPU.ActiveCfg = Release|Any CPU
		{C1A4FC03-45AB-4F73-A71E-85F6AAE1E64D}.Release|Any CPU.Build.0 = Release|Any CPU
		{AC402115-821F-47F2-9B82-F8DF44CE5700}.Debug|Any CPU.ActiveCfg = Debug|Any CPU
		{AC402115-821F-47F2-9B82-F8DF44CE5700}.Debug|Any CPU.Build.0 = Debug|Any CPU
		{AC402115-821F-47F2-9B82-F8DF44CE5700}.Release|Any CPU.ActiveCfg = Release|Any CPU
		{AC402115-821F-47F2-9B82-F8DF44CE5700}.Release|Any CPU.Build.0 = Release|Any CPU
		{EE5B91C2-33C6-4C32-B2D9-A5695E9FE921}.Debug|Any CPU.ActiveCfg = Debug|Any CPU
		{EE5B91C2-33C6-4C32-B2D9-A5695E9FE921}.Debug|Any CPU.Build.0 = Debug|Any CPU
		{EE5B91C2-33C6-4C32-B2D9-A5695E9FE921}.Release|Any CPU.ActiveCfg = Release|Any CPU
		{EE5B91C2-33C6-4C32-B2D9-A5695E9FE921}.Release|Any CPU.Build.0 = Release|Any CPU
	EndGlobalSection
	GlobalSection(SolutionProperties) = preSolution
		HideSolutionNode = FALSE
	EndGlobalSection
	GlobalSection(NestedProjects) = preSolution
		{43D0FC2F-1227-4221-AAF6-3375924A2AEE} = {09C54CAE-814F-4962-AA39-8D24F1568E34}
		{C1A4FC03-45AB-4F73-A71E-85F6AAE1E64D} = {09C54CAE-814F-4962-AA39-8D24F1568E34}
		{AC402115-821F-47F2-9B82-F8DF44CE5700} = {B905DE52-0133-44D8-97ED-1815B7951E6C}
		{EE5B91C2-33C6-4C32-B2D9-A5695E9FE921} = {B905DE52-0133-44D8-97ED-1815B7951E6C}
	EndGlobalSection
	GlobalSection(ExtensibilityGlobals) = postSolution
		SolutionGuid = {57749E3D-F9A4-49BF-AC91-14331B1AA0CE}
	EndGlobalSection
EndGlobal
