
Microsoft Visual Studio Solution File, Format Version 12.00
# Visual Studio Version 17
VisualStudioVersion = 17.5.002.0
MinimumVisualStudioVersion = 10.0.40219.1
Project("{9A19103F-16F7-4668-BE54-9A1E7A4F7556}") = "Testes", "Testes.csproj", "{6152E20F-480D-4D22-87E6-413FEDDDDEEB}"
EndProject
Global
	GlobalSection(SolutionConfigurationPlatforms) = preSolution
		Debug|Any CPU = Debug|Any CPU
		Release|Any CPU = Release|Any CPU
	EndGlobalSection
	GlobalSection(ProjectConfigurationPlatforms) = postSolution
		{6152E20F-480D-4D22-87E6-413FEDDDDEEB}.Debug|Any CPU.ActiveCfg = Debug|Any CPU
		{6152E20F-480D-4D22-87E6-413FEDDDDEEB}.Debug|Any CPU.Build.0 = Debug|Any CPU
		{6152E20F-480D-4D22-87E6-413FEDDDDEEB}.Release|Any CPU.ActiveCfg = Release|Any CPU
		{6152E20F-480D-4D22-87E6-413FEDDDDEEB}.Release|Any CPU.Build.0 = Release|Any CPU
	EndGlobalSection
	GlobalSection(SolutionProperties) = preSolution
		HideSolutionNode = FALSE
	EndGlobalSection
	GlobalSection(ExtensibilityGlobals) = postSolution
		SolutionGuid = {6C560222-28CF-439D-ADED-F0A95F9CC2F8}
	EndGlobalSection
EndGlobal
