
Microsoft Visual Studio Solution File, Format Version 12.00
# Visual Studio Version 17
VisualStudioVersion = 17.5.002.0
MinimumVisualStudioVersion = 10.0.40219.1
Project("{9A19103F-16F7-4668-BE54-9A1E7A4F7556}") = "Classes", "Classes.csproj", "{0A82C078-5305-42D6-A8C1-FC0D5C4E829F}"
EndProject
Global
	GlobalSection(SolutionConfigurationPlatforms) = preSolution
		Debug|Any CPU = Debug|Any CPU
		Release|Any CPU = Release|Any CPU
	EndGlobalSection
	GlobalSection(ProjectConfigurationPlatforms) = postSolution
		{0A82C078-5305-42D6-A8C1-FC0D5C4E829F}.Debug|Any CPU.ActiveCfg = Debug|Any CPU
		{0A82C078-5305-42D6-A8C1-FC0D5C4E829F}.Debug|Any CPU.Build.0 = Debug|Any CPU
		{0A82C078-5305-42D6-A8C1-FC0D5C4E829F}.Release|Any CPU.ActiveCfg = Release|Any CPU
		{0A82C078-5305-42D6-A8C1-FC0D5C4E829F}.Release|Any CPU.Build.0 = Release|Any CPU
	EndGlobalSection
	GlobalSection(SolutionProperties) = preSolution
		HideSolutionNode = FALSE
	EndGlobalSection
	GlobalSection(ExtensibilityGlobals) = postSolution
		SolutionGuid = {90C88710-7E2F-418A-8B23-AB65B3E0CFF3}
	EndGlobalSection
EndGlobal
